
Microsoft Visual Studio Solution File, Format Version 12.00
# Visual Studio Version 17
VisualStudioVersion = 17.10.34928.147
MinimumVisualStudioVersion = 10.0.40219.1
Project("{FAE04EC0-301F-11D3-BF4B-00C04F79EFBC}") = "OrderService", "InventoryService\OrderService.csproj", "{6EBDA53A-8117-4C25-9233-15B8AD00A9B2}"
EndProject
Project("{FAE04EC0-301F-11D3-BF4B-00C04F79EFBC}") = "ProductSevice", "ProductSevice\ProductSevice.csproj", "{DBD3DCC5-3E70-45B0-9DD4-3794E3BE9D5D}"
EndProject
Global
	GlobalSection(SolutionConfigurationPlatforms) = preSolution
		Debug|Any CPU = Debug|Any CPU
		Release|Any CPU = Release|Any CPU
	EndGlobalSection
	GlobalSection(ProjectConfigurationPlatforms) = postSolution
		{6EBDA53A-8117-4C25-9233-15B8AD00A9B2}.Debug|Any CPU.ActiveCfg = Debug|Any CPU
		{6EBDA53A-8117-4C25-9233-15B8AD00A9B2}.Debug|Any CPU.Build.0 = Debug|Any CPU
		{6EBDA53A-8117-4C25-9233-15B8AD00A9B2}.Release|Any CPU.ActiveCfg = Release|Any CPU
		{6EBDA53A-8117-4C25-9233-15B8AD00A9B2}.Release|Any CPU.Build.0 = Release|Any CPU
		{DBD3DCC5-3E70-45B0-9DD4-3794E3BE9D5D}.Debug|Any CPU.ActiveCfg = Debug|Any CPU
		{DBD3DCC5-3E70-45B0-9DD4-3794E3BE9D5D}.Debug|Any CPU.Build.0 = Debug|Any CPU
		{DBD3DCC5-3E70-45B0-9DD4-3794E3BE9D5D}.Release|Any CPU.ActiveCfg = Release|Any CPU
		{DBD3DCC5-3E70-45B0-9DD4-3794E3BE9D5D}.Release|Any CPU.Build.0 = Release|Any CPU
	EndGlobalSection
	GlobalSection(SolutionProperties) = preSolution
		HideSolutionNode = FALSE
	EndGlobalSection
	GlobalSection(ExtensibilityGlobals) = postSolution
		SolutionGuid = {C0C20182-2A67-4A0B-B6F1-4332008C71C6}
	EndGlobalSection
EndGlobal
